
Microsoft Visual Studio Solution File, Format Version 12.00
# Visual Studio Version 17
VisualStudioVersion = 17.12.35728.132 d17.12
MinimumVisualStudioVersion = 10.0.40219.1
Project("{FAE04EC0-301F-11D3-BF4B-00C04F79EFBC}") = "Petfolio.API", "Petfolio.API\Petfolio.API.csproj", "{7DBDC39E-D353-4848-B33C-DD086E955FF8}"
EndProject
Project("{FAE04EC0-301F-11D3-BF4B-00C04F79EFBC}") = "Petfolio.Communication", "Petfolio.Communication\Petfolio.Communication.csproj", "{79C628B1-53B0-4A7C-8DAA-F16647299E00}"
EndProject
Project("{FAE04EC0-301F-11D3-BF4B-00C04F79EFBC}") = "Petfolio.Application", "Petfolio.Application\Petfolio.Application.csproj", "{749EA46B-93B9-4DC8-85AC-A7F1B51CD1FE}"
EndProject
Global
	GlobalSection(SolutionConfigurationPlatforms) = preSolution
		Debug|Any CPU = Debug|Any CPU
		Release|Any CPU = Release|Any CPU
	EndGlobalSection
	GlobalSection(ProjectConfigurationPlatforms) = postSolution
		{7DBDC39E-D353-4848-B33C-DD086E955FF8}.Debug|Any CPU.ActiveCfg = Debug|Any CPU
		{7DBDC39E-D353-4848-B33C-DD086E955FF8}.Debug|Any CPU.Build.0 = Debug|Any CPU
		{7DBDC39E-D353-4848-B33C-DD086E955FF8}.Release|Any CPU.ActiveCfg = Release|Any CPU
		{7DBDC39E-D353-4848-B33C-DD086E955FF8}.Release|Any CPU.Build.0 = Release|Any CPU
		{79C628B1-53B0-4A7C-8DAA-F16647299E00}.Debug|Any CPU.ActiveCfg = Debug|Any CPU
		{79C628B1-53B0-4A7C-8DAA-F16647299E00}.Debug|Any CPU.Build.0 = Debug|Any CPU
		{79C628B1-53B0-4A7C-8DAA-F16647299E00}.Release|Any CPU.ActiveCfg = Release|Any CPU
		{79C628B1-53B0-4A7C-8DAA-F16647299E00}.Release|Any CPU.Build.0 = Release|Any CPU
		{749EA46B-93B9-4DC8-85AC-A7F1B51CD1FE}.Debug|Any CPU.ActiveCfg = Debug|Any CPU
		{749EA46B-93B9-4DC8-85AC-A7F1B51CD1FE}.Debug|Any CPU.Build.0 = Debug|Any CPU
		{749EA46B-93B9-4DC8-85AC-A7F1B51CD1FE}.Release|Any CPU.ActiveCfg = Release|Any CPU
		{749EA46B-93B9-4DC8-85AC-A7F1B51CD1FE}.Release|Any CPU.Build.0 = Release|Any CPU
	EndGlobalSection
	GlobalSection(SolutionProperties) = preSolution
		HideSolutionNode = FALSE
	EndGlobalSection
EndGlobal
